__KOVA_LOCK_CHUNK_00__
 
"dependencies":{"@floating-ui/core":"^1.8.0","@floating-ui/utils":"^0.2.12"}},"node_modules/@floating-ui/react-dom":{"version":"2.1.9","license":"MIT","dependencies":{"@floating-ui/dom":"^1.8.0"},"peerDependencies":{"react":">=16.8.0","react-dom":">=16.8.0"}},"node_modules/@floating-ui/utils":{"version":"0.2.12","license":"MIT"},"node_modules/@hookform/resolvers":{"version":"5.5.7","license":"MIT","dependencies":{"@standard-schema/utils":"^0.3.0"},"peerDependencies":{"@sinclair/typebox":">=0.25.24","@standard-schema/spec":"^1.0.0","@typeschema/main":">=0.13.7","@vinejs/vine":"^2.0.0 || ^3.0.0","ajv":"^8.12.0","ajv-errors":"^3.0.0","ajv-formats":"^2.1.1","arktype":"^2.0.0","ata-validator":"^0.7.0","class-transformer":">=0.4.0","class-validator":">=0.12.0","computed-types":"^1.0.0","effect":"^3.10.3","fluentvalidation-ts":"^3.0.0","fp-ts":"^2.7.0","io-ts":"^2.0.0","joi":"^17.0.0","nope-validator":">=0.12.0","react-hook-form":"^7.55.0","superstruct":">=0.12.0","typanion":"^3.3.2","valibot":">=0.31.0 || ^1.0.0-beta.4 || ^1.0.0-rc","vest":">=3.0.0","yup":"^1.0.0","zod":"^3.25.0 || ^4.0.0"},"peerDependenciesMeta":{"@sinclair/typebox":{"optional":true},"@standard-schema/spec":{"optional":true},"@typeschema/main":{"optional":true},"@vinejs/vine":{"optional":true},"ajv":{"optional":true},"ajv-errors":{"optional":true},"ajv-formats":{"optional":true},"arktype":{"optional":true},"ata-validator":{"optional":true},"class-transformer":{"optional":true},"class-validator":{"optional":true},"computed-types":{"optional":true},"effect":{"optional":true},"fluentvalidation-ts":{"optional":true},"fp-ts":{"optional":true},"io-ts":{"optional":true},"joi":{"optional":true},"nope-validator":{"optional":true},"superstruct":{"optional":true},"typanion":{"optional":true},"valibot":{"optional":true},"vest":{"optional":true},"yup":{"optional":true},"zod":{"optional":true}}},"node_modules/@humanfs/core":{"version":"0.19.2","dev":true,"license":"Apache-2.0","dependencies":{"@humanfs/types":"^0.15.0"},"engines":{"node":">=18.18.0"}},"node_modules/@humanfs/node":{"version":"0.16.8","dev":true,"license":"Apache-2.0","dependencies":{"@humanfs/core":"^0.19.2","@humanfs/types":"^0.15.0","@humanwhocodes/retry":"^0.4.0"},"engines":{"node":">=18.18.0"}},"node_modules/@humanfs/types":{"version":"0.15.0","dev":true,"license":"Apache-2.0","engines":{"node":">=18.18.0"}},"node_modules/@humanwhocodes/module-importer":{"version":"1.0.1","dev":true,"license":"Apache-2.0","engines":{"node":">=12.22"},"funding":{"type":"github","url":"https://github.com/sponsors/nzakas"}},"node_modules/@humanwhocodes/retry":{"version":"0.4.3","dev":true,"license":"Apache-2.0","engines":{"node":">=18.18"},"funding":{"type":"github","url":"https://github.com/sponsors/nzakas"}},"node_modules/@img/colour":{"version":"1.1.0","license":"MIT","engines":{"node":">=18"}},"node_modules/@img/sharp-libvips-linux-x64":{"version":"1.3.1","cpu":["x64"],"license":"LGPL-3.0-or-later","optional":true,"os":["linux"],"funding":{"url":"https://opencollective.com/libvips"}},"node_modules/@img/sharp-libvips-linuxmusl-x64":{"version":"1.3.1","cpu":["x64"],"license":"LGPL-3.0-or-later","optional":true,"os":["linux"],"funding":{"url":"https://opencollective.com/libvips"}},"node_modules/@img/sharp-linux-x64":{"version":"0.35.2","cpu":["x64"],"license":"Apache-2.0","optional":true,"os":["linux"],"engines":{"node":">=20.9.0"},"funding":{"url":"https://opencollective.com/libvips"},"optionalDependencies":{"@img/sharp-libvips-linux-x64":"1.3.1"}},"node_modules/@img/sharp-linuxmusl-x64":{"version":"0.35.2","cpu":["x64"],"license":"Apache-2.0","optional":true,"os":["linux"],"engines":{"node":">=20.9.0"},"funding":{"url":"https://opencollective.com/libvips"},"optionalDependencies":{"@img/sharp-libvips-linuxmusl-x64":"1.3.1"}},"node_modules/@jridgewell/gen-mapping":{"version":"0.3.13","license":"MIT","dependencies":{"@jridgewell/sourcemap-codec":"^1.5.0","@jridgewell/trace-mapping":"^0.3.24"}},"node_modules/@jridgewell/remapping":{"version":"2.3.5","license":"MIT","dependencies":{"@jridgewell/gen-mapping":"^0.3.5","@jridgewell/trace-mapping":"^0.3.24"}},"node_modules/@jridgewell/resolve-uri":{"version":"3.1.2","license":"MIT","engines":{"node":">=6.0.0"}},"node_modules/@jridgewell/sourcemap-codec":{"version":"1.5.5","license":"MIT"},"node_modules/@jridgewell/trace-mapping":{"version":"0.3.31","license":"MIT","dependencies":{"@jridgewell/resolve-uri":"^3.1.0","@jridgewell/sourcemap-codec":"^1.4.14"}},"node_modules/@napi-rs/lzma-linux-x64-gnu":{"version":"1.5.1","cpu":["x64"],"license":"MIT","optional":true,"os":["linux"],"engines":{"node":"^22.20 || ^24.12 || >=25"}},"node_modules/@noble/ciphers":{"version":"1.3.0","dev":true,"license":"MIT","engines":{"node":"^14.21.3 || >=16"},"funding":{"url":"https://paulmillr.com/funding/"}},"node_modules/@noble/curves":{"version":"1.9.7","dev":true,"license":"MIT","dependencies":{"@noble/hashes":"1.8.0"},"engines":{"node":"^14.21.3 || >=16"},"funding":{"url":"https://paulmillr.com/funding/"}},"node_modules/@noble/hashes":{"version":"1.8.0","dev":true,"license":"MIT","engines":{"node":"^14.21.3 || >=16"},"funding":{"url":"https://paulmillr.com/funding/"}},"node_modules/@oozcitak/dom":{"version":"2.0.2","license":"MIT","dependencies":{"@oozcitak/infra":"^2.0.2","@oozcitak/url":"^3.0.0","@oozcitak/util":"^10.0.0"},"engines":{"node":">=20.0"}},"node_modules/@oozcitak/infra":{"version":"2.0.2","license":"MIT","dependencies":{"@oozcitak/util":"^10.0.0"},"engines":{"node":">=20.0"}},"node_modules/@oozcitak/url":{"version":"3.0.0","license":"MIT","dependencies":{"@oozcitak/infra":"^2.0.2","@oozcitak/util":"^10.0.0"},"engines":{"node":">=20.0"}},"node_modules/@oozcitak/util":{"version":"10.0.0","license":"MIT","engines":{"node":">=20.0"}},"node_modules/@oxc-project/types":{"version":"0.140.0","license":"MIT","funding":{"url":"https://github.com/sponsors/Boshen"}},"node_modules/@pkgr/core":{"version":"0.3.6","dev":true,"license":"MIT","engines":{"node":"^14.18.0 || >=16.0.0"},"funding":{"url":"https://opencollective.com/pkgr"}},"node_modules/@playwright/test":{"version":"1.56.0","dev":true,"license":"Apache-2.0","dependencies":{"playwright":"1.56.0"},"bin":{"playwright":"cli.js"},"engines":{"node":">=18"}},"node_modules/@poppinss/colors":{"version":"4.1.6","license":"MIT","dependencies":{"kleur":"^4.1.5"}},"node_modules/@poppinss/colors/node_modules/kleur":{"version":"4.1.5","license":"MIT","engines":{"node":">=6"}},"node_modules/@poppinss/dumper":{"version":"0.6.5","license":"MIT","dependencies":{"@poppinss/colors":"^4.1.5","@sindresorhus/is":"^7.0.2","supports-color":"^10.0.0"}},"node_modules/@poppinss/exception":{"version":"1.2.3","license":"MIT"},"node_modules/@radix-ui/number":{"version":"1.1.3","license":"MIT"},"node_modules/@radix-ui/primitive":{"version":"1.1.7","license":"MIT"},"node_modules/@radix-ui/react-accordion":{"version":"1.2.20","license":"MIT","dependencies":{"@radix-ui/primitive":"1.1.7","@radix-ui/react-collapsible":"1.1.20","@radix-ui/react-collection":"1.1.15","@radix-ui/react-compose-refs":"1.1.5","@radix-ui/react-context":"1.2.2","@radix-ui/react-direction":"1.1.4","@radix-ui/react-id":"1.1.4","@radix-ui/react-primitive":"2.1.10","@radix-ui/react-use-controllable-state":"1.2.6"},"peerDependencies":{"@types/react":"*","@types/react-dom":"*","react":"^16.8 || ^17.0 || ^18.0 || ^19.0 || ^19.0.0-rc","react-dom":"^16.8 || ^17.0 || ^18.0 || ^19.0 || ^19.0.0-rc"},"peerDependenciesMeta":{"@types/react":{"optional":true},"@types/react-dom":{"optional":true}}},"node_modules/@radix-ui/react-alert-dialog":{"version":"1.1.23","license":"MIT","dependencies":{"@radix-ui/primitive":"1.1.7","@radix-ui/react-compose-refs":"1.1.5","@radix-ui/react-context":"1.2.2","@radix-ui/react-dialog":"1.1.23","@radix-ui/react-primitive":"2.1.10"},"peerDependencies":{"@types/react":"*","@types/react-dom":"*","react":"^16.8 || ^17.0 || ^18.0 || ^19.0 || ^19.0.0-rc","react-dom":"^16.8 || ^17.0 || ^18.0 || ^19.0 || ^19.0.0-rc"},"peerDependenciesMeta":{"@types/react":{"optional":true},"@types/react-dom":{"optional":true}}},"node_modules/@radix-ui/react-arrow":{"version":"1.1.15","license":"MIT","dependencies":{"@radix-ui/react-primitive":"2.1.10"},"peerDependencies":{"@types/react":"*","@types/react-dom":"*","react":"^16.8 || ^17.0 || ^18.0 || ^19.0 || ^19.0.0-rc","react-dom":"^16.8 || ^17.0 || ^18.0 || ^19.0 || ^19.0.0-rc"},"peerDependenciesMeta":{"@types/react":{"optional":true},"@types/react-dom":{"optional":true}}},"node_modules/@radix-ui/react-aspect-ratio":{"version":"1.1.15","license":"MIT","dependencies":{"@radix-ui/react-primitive":"2.1.10"},"peerDependencies":{"@types/react":"*","@types/react-dom":"*","react":"^16.8 || ^17.0 || ^18.0 || ^19.0 || ^19.0.0-rc","react-dom":"^16.8 || ^17.0 || ^18.0 || ^19.0 || ^19.0.0-rc"},"peerDependenciesMeta":{"@types/react":{"optional":true},"@types/react-dom":{"optional":true}}},"node_modules/@radix-ui/react-avatar":{"version":"1.2.6","license":"MIT","dependencies":{"@radix-ui/primitive":"1.1.7","@radix-ui/react-context":"1.2.2","@radix-ui/react-primitive":"2.1.10","@radix-ui/react-use-callback-ref":"1.1.4","@radix-ui/react-use-is-hydrated":"0.1.3","@radix-ui/react-use-layout-effect":"1.1.4"},"peerDependencies":{"@types/react":"*","@types/react-dom":"*","react":"^16.8 || ^17.0 || ^18.0 || ^19.0 || ^19.0.0-rc","react-dom":"^16.8 || ^17.0 || ^18.0 || ^19.0 || ^19.0.0-rc"},"peerDependenciesMeta":{"@types/react":{"optional":true},"@types/react-dom":{"optional":true}}},"node_modules/@radix-ui/react-checkbox":{"version":"1.3.11","license":"MIT","dependencies":{"@radix-ui/primitive":"1.1.7","@radix-ui/react-compose-refs":"1.1.5","@radix-ui/react-context":"1.2.2","@radix-ui/react-presence":"1.1.10","@radix-ui/react-primitive":"2.1.10","@radix-ui/react-use-controllable-state":"1.2.6","@radix-ui/react-use-size":"1.1.4"},"peerDependencies":{"@types/react":"*","@types/react-dom":"*","react":"^16.8 || ^17.0 || ^18.0 || ^19.0 || ^19.0.0-rc","react-dom":"^16.8 || ^17.0 || ^18.0 || ^19.0 || ^19.0.0-rc"},"peerDependenciesMeta":{"@types/react":{"optional":true},"@types/react-dom":{"optional":true}}},"node_modules/@radix-ui/react-collapsible":{"version":"1.1.20","license":"MIT","dependencies":{"@radix-ui/primitive":"1.1.7","@radix-ui/react-compose-refs":"1.1.5","@radix-ui/react-context":"1.2.2","@radix-ui/react-id":"1.1.4","@radix-ui/react-presence":"1.1.10","@radix-ui/react-primitive":"2.1.10","@radix-ui/react-use-controllable-state":"1.2.6","@radix-ui/react-use-layout-effect":"1.1.4"},"peerDependencies":{"@types/react":"*","@types/react-dom":"*","react":"^16.8 || ^17.0 || ^18.0 || ^19.0 || ^19.0.0-rc","react-dom":"^16.8 || ^17.0 || ^18.0 || ^19.0 || ^19.0.0-rc"},"peerDependenciesMeta":{"@types/react":{"optional":true},"@types/react-dom":{"optional":true}}},"node_modules/@radix-ui/react-collection":{"version":"1.1.15","license":"MIT","dependencies":{"@radix-ui/react-compose-refs":"1.1.5","@radix-ui/react-context":"1.2.2","@radix-ui/react-primitive":"2.1.10","@radix-ui/react-slot":"1.3.3"},"peerDependencies":{"@types/react":"*","@types/react-dom":"*","react":"^16.8 || ^17.0 || ^18.0 || ^19.0 || ^19.0.0-rc","react-dom":"^16.8 || ^17.0 || ^18.0 || ^19.0 || ^19.0.0-rc"},"peerDependenciesMeta":{"@types/react":{"optional":true},"@types/react-dom":{"optional":true}}},"node_modules/@radix-ui/react-compose-refs":{"version":"1.1.5","license":"MIT","peerDependencies":{"@types/react":"*","react":"^16.8 || ^17.0 || ^18.0 || ^19.0 || ^19.0.0-rc"},"peerDependenciesMeta":{"@types/react":{"optional":true}}},"node_modules/@radix-ui/react-context":{"version":"1.2.2","license":"MIT","peerDependencies":{"@types/react":"*","react":"^16.8 || ^17.0 || ^18.0 || ^19.0 || ^19.0.0-rc"},"peerDependenciesMeta":{"@types/react":{"optional":true}}},"node_modules/@radix-ui/react-context-menu":{"version":"2.3.7","license":"MIT","dependencies":{"@radix-ui/primitive":"1.1.7","@radix-ui/react-context":"1.2.2","@radix-ui/react-menu":"2.1.24","@radix-ui/react-primitive":"2.1.10","@radix-ui/react-use-controllable-state":"1.2.6"},"peerDependencies":{"@types/react":"*","@types/react-dom":"*","react":"^16.8 || ^17.0 || ^18.0 || ^19.0 || ^19.0.0-rc","react-dom":"^16.8 || ^17.0 || ^18.0 || ^19.0 || ^19.0.0-rc"},"peerDependenciesMeta":{"@types/react":{"optional":true},"@types/react-dom":{"optional":true}}},"node_modules/@radix-ui/react-dialog":{"version":"1.1.23","license":"MIT","dependencies":{"@radix-ui/primitive":"1.1.7","@radix-ui/react-compose-refs":"1.1.5","@radix-ui/react-context":"1.2.2","@radix-ui/react-dismissable-layer":"1.1.19","@radix-ui/react-focus-guards":"1.1.6","@radix-ui/react-focus-scope":"1.1.16","@radix-ui/react-id":"1.1.4","@radix-ui/react-portal":"1.1.17","@radix-ui/react-presence":"1.1.10","@radix-ui/react-primitive":"2.1.10","@radix-ui/react-slot":"1.3.3","@radix-ui/react-use-controllable-state":"1.2.6","@radix-ui/react-use-layout-effect":"1.1.4","aria-hidden":"^1.2.4","react-remove-scroll":"^2.7.2"},"peerDependencies":{"@types/react":"*","@types/react-dom":"*","react":"^16.8 || ^17.0 || ^18.0 || ^19.0 || ^19.0.0-rc","react-dom":"^16.8 || ^17.0 || ^18.0 || ^19.0 || ^19.0.0-rc"},"peerDependenciesMeta":{"@types/react":{"optional":true},"@types/react-dom":{"optional":true}}},"node_modules/@radix-ui/react-direction":{"version":"1.1.4","license":"MIT","peerDependencies":{"@types/react":"*","react":"^16.8 || ^17.0 || ^18.0 || ^19.0 || ^19.0.0-rc"},"peerDependenciesMeta":{"@types/react":{"optional":true}}},"node_modules/@radix-ui/react-dismissable-layer":{"version":"1.1.19","license":"MIT","dependencies":{"@radix-ui/primitive":"1.1.7","@radix-ui/react-compose-refs":"1.1.5","@radix-ui/react-primitive":"2.1.10","@radix-ui/react-use-callback-ref":"1.1.4","@radix-ui/react-use-effect-event":"0.0.5"},"peerDependencies":{"@types/react":"*","@types/react-dom":"*","react":"^16.8 || ^17.0 || ^18.0 || ^19.0 || ^19.0.0-rc","react-dom":"^16.8 || ^17.0 || ^18.0 || ^19.0 || ^19.0.0-rc"},
  
__KOVA_LOCK_CHUNK_02__
   
__KOVA_LOCK_CHUNK_03__
    
__KOVA_LOCK_CHUNK_04__
     
__KOVA_LOCK_CHUNK_05__
      
__KOVA_LOCK_CHUNK_06__
       
__KOVA_LOCK_CHUNK_07__
        
__KOVA_LOCK_CHUNK_08__
         
__KOVA_LOCK_CHUNK_09__
          
__KOVA_LOCK_CHUNK_10__
           
__KOVA_LOCK_CHUNK_11__