__KOVA_LOCK_CHUNK_00__
 
__KOVA_LOCK_CHUNK_01__
  
__KOVA_LOCK_CHUNK_02__
   
__KOVA_LOCK_CHUNK_03__
    
__KOVA_LOCK_CHUNK_04__
     
__KOVA_LOCK_CHUNK_05__
      
__KOVA_LOCK_CHUNK_06__
       
__KOVA_LOCK_CHUNK_07__
        
__KOVA_LOCK_CHUNK_08__
         
__KOVA_LOCK_CHUNK_09__
          
__KOVA_LOCK_CHUNK_10__
           
__KOVA_LOCK_CHUNK_11__